
Microsoft Visual Studio Solution File, Format Version 12.00
# Visual Studio 15
VisualStudioVersion = 15.0.27428.2043
MinimumVisualStudioVersion = 10.0.40219.1
Project("{FAE04EC0-301F-11D3-BF4B-00C04F79EFBC}") = "Whatever.Payments", "Whatever.Payments\Whatever.Payments.csproj", "{255903E0-0DA1-4E4D-8426-0A538566AD5A}"
EndProject
Project("{FAE04EC0-301F-11D3-BF4B-00C04F79EFBC}") = "Whatever.Tests", "Whatever.Tests\Whatever.Tests.csproj", "{CEC02476-83F5-4FDE-9C7D-FA121B152565}"
EndProject
Global
	GlobalSection(SolutionConfigurationPlatforms) = preSolution
		Debug|Any CPU = Debug|Any CPU
		Release|Any CPU = Release|Any CPU
	EndGlobalSection
	GlobalSection(ProjectConfigurationPlatforms) = postSolution
		{255903E0-0DA1-4E4D-8426-0A538566AD5A}.Debug|Any CPU.ActiveCfg = Debug|Any CPU
		{255903E0-0DA1-4E4D-8426-0A538566AD5A}.Debug|Any CPU.Build.0 = Debug|Any CPU
		{255903E0-0DA1-4E4D-8426-0A538566AD5A}.Release|Any CPU.ActiveCfg = Release|Any CPU
		{255903E0-0DA1-4E4D-8426-0A538566AD5A}.Release|Any CPU.Build.0 = Release|Any CPU
		{CEC02476-83F5-4FDE-9C7D-FA121B152565}.Debug|Any CPU.ActiveCfg = Debug|Any CPU
		{CEC02476-83F5-4FDE-9C7D-FA121B152565}.Debug|Any CPU.Build.0 = Debug|Any CPU
		{CEC02476-83F5-4FDE-9C7D-FA121B152565}.Release|Any CPU.ActiveCfg = Release|Any CPU
		{CEC02476-83F5-4FDE-9C7D-FA121B152565}.Release|Any CPU.Build.0 = Release|Any CPU
	EndGlobalSection
	GlobalSection(SolutionProperties) = preSolution
		HideSolutionNode = FALSE
	EndGlobalSection
	GlobalSection(ExtensibilityGlobals) = postSolution
		SolutionGuid = {E04DB962-3C97-4BDB-ADCD-EA9AA4118808}
	EndGlobalSection
EndGlobal
